
Microsoft Visual Studio Solution File, Format Version 12.00
# Visual Studio 15
VisualStudioVersion = 15.0.26730.16
MinimumVisualStudioVersion = 10.0.40219.1
Project("{FAE04EC0-301F-11D3-BF4B-00C04F79EFBC}") = "WriteJsonTool", "WriteJsonTool\WriteJsonTool.csproj", "{3110E5CF-6812-4D5D-9D0E-3441A7BEE527}"
EndProject
Global
	GlobalSection(SolutionConfigurationPlatforms) = preSolution
		Debug|Any CPU = Debug|Any CPU
		Release|Any CPU = Release|Any CPU
	EndGlobalSection
	GlobalSection(ProjectConfigurationPlatforms) = postSolution
		{3110E5CF-6812-4D5D-9D0E-3441A7BEE527}.Debug|Any CPU.ActiveCfg = Debug|Any CPU
		{3110E5CF-6812-4D5D-9D0E-3441A7BEE527}.Debug|Any CPU.Build.0 = Debug|Any CPU
		{3110E5CF-6812-4D5D-9D0E-3441A7BEE527}.Release|Any CPU.ActiveCfg = Release|Any CPU
		{3110E5CF-6812-4D5D-9D0E-3441A7BEE527}.Release|Any CPU.Build.0 = Release|Any CPU
	EndGlobalSection
	GlobalSection(SolutionProperties) = preSolution
		HideSolutionNode = FALSE
	EndGlobalSection
	GlobalSection(ExtensibilityGlobals) = postSolution
		SolutionGuid = {FFB4D946-0F4B-4154-A13C-511F0501B754}
	EndGlobalSection
EndGlobal
